lockfileVersion: '6.0'

settings:
  autoInstallPeers: true
  excludeLinksFromLockfile: false

dependencies:
  '@lezer/highlight':
    specifier: ^1.1.6
    version: 1.1.6
  '@lezer/lr':
    specifier: ^1.3.9
    version: 1.3.9

devDependencies:
  '@lezer/generator':
    specifier: ^1.3.0
    version: 1.3.0
  rollup:
    specifier: ^3.26.3
    version: 3.26.3

packages:

  /@lezer/common@1.0.3:
    resolution: {integrity: sha512-JH4wAXCgUOcCGNekQPLhVeUtIqjH0yPBs7vvUdSjyQama9618IOKFJwkv2kcqdhF0my8hQEgCTEJU0GIgnahvA==}

  /@lezer/generator@1.3.0:
    resolution: {integrity: sha512-7HfulDoOMOkskb97fnwgpC6StwPVSob4ptc0iuOH72rapNQBbp6lVj05y7vc5IM0E9pjFjiLmNQeiBiSbLpCtA==}
    hasBin: true
    dependencies:
      '@lezer/common': 1.0.3
      '@lezer/lr': 1.3.9
    dev: true

  /@lezer/highlight@1.1.6:
    resolution: {integrity: sha512-cmSJYa2us+r3SePpRCjN5ymCqCPv+zyXmDl0ciWtVaNiORT/MxM7ZgOMQZADD0o51qOaOg24qc/zBViOIwAjJg==}
    dependencies:
      '@lezer/common': 1.0.3
    dev: false

  /@lezer/lr@1.3.9:
    resolution: {integrity: sha512-XPz6dzuTHlnsbA5M2DZgjflNQ+9Hi5Swhic0RULdp3oOs3rh6bqGZolosVqN/fQIT8uNiepzINJDnS39oweTHQ==}
    dependencies:
      '@lezer/common': 1.0.3

  /fsevents@2.3.2:
    resolution: {integrity: sha512-xiqMQR4xAeHTuB9uWm+fFRcIOgKBMiOBP+eXiyT7jsgVCq1bkVygt00oASowB7EdtpOHaaPgKt812P9ab+DDKA==}
    engines: {node: ^8.16.0 || ^10.6.0 || >=11.0.0}
    os: [darwin]
    requiresBuild: true
    dev: true
    optional: true

  /rollup@3.26.3:
    resolution: {integrity: sha512-7Tin0C8l86TkpcMtXvQu6saWH93nhG3dGQ1/+l5V2TDMceTxO7kDiK6GzbfLWNNxqJXm591PcEZUozZm51ogwQ==}
    engines: {node: '>=14.18.0', npm: '>=8.0.0'}
    hasBin: true
    optionalDependencies:
      fsevents: 2.3.2
    dev: true
